version = 1
revision = 3
requires-python = ">=3.14"

[[package]]
name = "colorama"
version = "0.4.6"
source = { registry = "https://pypi.org/simple" }
sdist = { url = "https://files.pythonhosted.org/packages/d8/53/6f443c9a4a8358a93a6792e2acffb9d9d5cb0a5cfd8802644b7b1c9a02e4/colorama-0.4.6.tar.gz", hash = "sha256:08695f5cb7ed6e0531a20572697297273c47b8cae5a63ffc6d6ed5c201be6e44", size = 27697, upload-time = "2022-10-25T02:36:22.414Z" }
wheels = [
    { url = "https://files.pythonhosted.org/packages/d1/d6/3965ed04c63042e047cb6a3e6ed1a63a35087b6a609aa3a15ed8ac56c221/colorama-0.4.6-py2.py3-none-any.whl", hash = "sha256:4f1d9991f5acc0ca119f9d443620b77f9d6b33703e51011c16baf57afb285fc6", size = 25335, upload-time = "2022-10-25T02:36:20.889Z" },
]

[[package]]
name = "identify"
version = "2.6.19"
source = { registry = "https://pypi.org/simple" }
sdist = { url = "https://files.pythonhosted.org/packages/52/63/51723b5f116cc04b061cb6f5a561790abf249d25931d515cd375e063e0f4/identify-2.6.19.tar.gz", hash = "sha256:6be5020c38fcb07da56c53733538a3081ea5aa70d36a156f83044bfbf9173842", size = 99567, upload-time = "2026-04-17T18:39:50.265Z" }
wheels = [
    { url = "https://files.pythonhosted.org/packages/94/84/d9273cd09688070a6523c4aee4663a8538721b2b755c4962aafae0011e72/identify-2.6.19-py2.py3-none-any.whl", hash = "sha256:20e6a87f786f768c092a721ad107fc9df0eb89347be9396cadf3f4abbd1fb78a", size = 99397, upload-time = "2026-04-17T18:39:49.221Z" },
]

[[package]]
name = "iniconfig"
version = "2.3.0"
source = { registry = "https://pypi.org/simple" }
sdist = { url = "https://files.pythonhosted.org/packages/72/34/14ca021ce8e5dfedc35312d08ba8bf51fdd999c576889fc2c24cb97f4f10/iniconfig-2.3.0.tar.gz", hash = "sha256:c76315c77db068650d49c5b56314774a7804df16fee4402c1f19d6d15d8c4730", size = 20503, upload-time = "2025-10-18T21:55:43.219Z" }
wheels = [
    { url = "https://files.pythonhosted.org/packages/cb/b1/3846dd7f199d53cb17f49cba7e651e9ce294d8497c8c150530ed11865bb8/iniconfig-2.3.0-py3-none-any.whl", hash = "sha256:f631c04d2c48c52b84d0d0549c99ff3859c98df65b3101406327ecc7d53fbf12", size = 7484, upload-time = "2025-10-18T21:55:41.639Z" },
]

[[package]]
name = "packaging"
version = "26.3"
source = { registry = "https://pypi.org/simple" }
sdist = { url = "https://files.pythonhosted.org/packages/7d/fa/3944b40b07da9ce895c0e6303a5ab7d53da063554f534556b134a54d6093/packaging-26.3.tar.gz", hash = "sha256:94edc256424af38762eb31306eed28beb9f0efc50a8837492c9d6fd6004aed79", size = 313412, upload-time = "2026-08-04T18:15:28.737Z" }
wheels = [
    { url = "https://files.pythonhosted.org/packages/63/34/ba1c580383c9eada3711951fef0795c80b829a078d72188184bcab9dd527/packaging-26.3-py3-none-any.whl", hash = "sha256:d7193f7c8e4e93f444fde0262bf90af30e16fa0ad0ad44cb553c87339b23cd1c", size = 129956, upload-time = "2026-08-04T18:15:27.159Z" },
]

[[package]]
name = "pluggy"
version = "1.6.0"
source = { registry = "https://pypi.org/simple" }
sdist = { url = "https://files.pythonhosted.org/packages/f9/e2/3e91f31a7d2b083fe6ef3fa267035b518369d9511ffab804f839851d2779/pluggy-1.6.0.tar.gz", hash = "sha256:7dcc130b76258d33b90f61b658791dede3486c3e6bfb003ee5c9bfb396dd22f3", size = 69412, upload-time = "2025-05-15T12:30:07.975Z" }
wheels = [
    { url = "https://files.pythonhosted.org/packages/54/20/4d324d65cc6d9205fabedc306948156824eb9f0ee1633355a8f7ec5c66bf/pluggy-1.6.0-py3-none-any.whl", hash = "sha256:e920276dd6813095e9377c0bc5566d94c932c33b27a3e3945d8389c374dd4746", size = 20538, upload-time = "2025-05-15T12:30:06.134Z" },
]

[[package]]
name = "pre-commit-hooks"
version = "6.0.0"
source = { registry = "https://pypi.org/simple" }
dependencies = [
    { name = "ruamel-yaml" },
]
sdist = { url = "https://files.pythonhosted.org/packages/36/4d/93e63e48f8fd16d6c1e4cef5dabadcade4d1325c7fd6f29f075a4d2284f3/pre_commit_hooks-6.0.0.tar.gz", hash = "sha256:76d8370c006f5026cdd638a397a678d26dda735a3c88137e05885a020f824034", size = 28293, upload-time = "2025-08-09T19:25:04.6Z" }
wheels = [
    { url = "https://files.pythonhosted.org/packages/12/46/eba9be9daa403fa94854ce16a458c29df9a01c6c047931c3d8be6016cd9a/pre_commit_hooks-6.0.0-py2.py3-none-any.whl", hash = "sha256:76161b76d321d2f8ee2a8e0b84c30ee8443e01376121fd1c90851e33e3bd7ee2", size = 41338, upload-time = "2025-08-09T19:25:03.513Z" },
]

[[package]]
name = "py-pre-commit"
version = "0.2.1"
source = { editable = "." }
dependencies = [
    { name = "identify" },
    { name = "pre-commit-hooks" },
    { name = "ruff" },
    { name = "uv" },
]

[package.dev-dependencies]
dev = [
    { name = "pytest" },
]

[package.metadata]
requires-dist = [
    { name = "identify", specifier = "==2.6.19" },
    { name = "pre-commit-hooks", specifier = "==6.0.0" },
    { name = "ruff", specifier = "==0.16.4" },
    { name = "uv", specifier = "==0.12.6" },
]

[package.metadata.requires-dev]
dev = [{ name = "pytest", specifier = ">=8.4.0" }]

[[package]]
name = "pygments"
version = "2.20.0"
source = { registry = "https://pypi.org/simple" }
sdist = { url = "https://files.pythonhosted.org/packages/c3/b2/bc9c9196916376152d655522fdcebac55e66de6603a76a02bca1b6414f6c/pygments-2.20.0.tar.gz", hash = "sha256:6757cd03768053ff99f3039c1a36d6c0aa0b263438fcab17520b30a303a82b5f", size = 4955991, upload-time = "2026-03-29T13:29:33.898Z" }
wheels = [
    { url = "https://files.pythonhosted.org/packages/f4/7e/a72dd26f3b0f4f2bf1dd8923c85f7ceb43172af56d63c7383eb62b332364/pygments-2.20.0-py3-none-any.whl", hash = "sha256:81a9e26dd42fd28a23a2d169d86d7ac03b46e2f8b59ed4698fb4785f946d0176", size = 1231151, upload-time = "2026-03-29T13:29:30.038Z" },
]

[[package]]
name = "pytest"
version = "9.1.1"
source = { registry = "https://pypi.org/simple" }
dependencies = [
    { name = "colorama", marker = "sys_platform == 'win32'" },
    { name = "iniconfig" },
    { name = "packaging" },
    { name = "pluggy" },
    { name = "pygments" },
]
sdist = { url = "https://files.pythonhosted.org/packages/e4/47/b9efed96c114afcfa3c9d3fe98a76a1d14c74a9e266d397cf6eb64be5e01/pytest-9.1.1.tar.gz", hash = "sha256:1088fbde8f2b49d95a549a195707afa7a76a3ce9bcadc26b6d71f0ffda5fe313", size = 1636369, upload-time = "2026-06-19T10:58:32.857Z" }
wheels = [
    { url = "https://files.pythonhosted.org/packages/24/25/1de2678b631f5a49215c6c96fff41ba892b0a34df68d6d80292b1b48aa7f/pytest-9.1.1-py3-none-any.whl", hash = "sha256:37a86b45efb9a47a61a36449063e8e18d0cab3161329fc099eb21783169c4f0c", size = 386536, upload-time = "2026-06-19T10:58:31.347Z" },
]

[[package]]
name = "ruamel-yaml"
version = "0.19.1"
source = { registry = "https://pypi.org/simple" }
sdist = { url = "https://files.pythonhosted.org/packages/c7/3b/ebda527b56beb90cb7652cb1c7e4f91f48649fbcd8d2eb2fb6e77cd3329b/ruamel_yaml-0.19.1.tar.gz", hash = "sha256:53eb66cd27849eff968ebf8f0bf61f46cdac2da1d1f3576dd4ccee9b25c31993", size = 142709, upload-time = "2026-01-02T16:50:31.84Z" }
wheels = [
    { url = "https://files.pythonhosted.org/packages/b8/0c/51f6841f1d84f404f92463fc2b1ba0da357ca1e3db6b7fbda26956c3b82a/ruamel_yaml-0.19.1-py3-none-any.whl", hash = "sha256:27592957fedf6e0b62f281e96effd28043345e0e66001f97683aa9a40c667c93", size = 118102, upload-time = "2026-01-02T16:50:29.201Z" },
]

[[package]]
name = "ruff"
version = "0.16.4"
source = { registry = "https://pypi.org/simple" }
sdist = { url = "https://files.pythonhosted.org/packages/00/8f/d8074b1f25e003164087a8bfe79a0f1a3945135764dbb6aaab04103dcaf9/ruff-0.16.4.tar.gz", hash = "sha256:13171aa9d9af2240ee3504e639de73122c67e74036de5ba2e1d01422cd17e3dc", size = 4899731, upload-time = "2026-08-20T17:43:59.196Z" }
wheels = [
    { url = "https://files.pythonhosted.org/packages/ff/80/779895ef584e089d22f2c6df0d0e99a65ec2df0805f1fffd439415b8c1f0/ruff-0.16.4-py3-none-linux_armv6l.whl", hash = "sha256:df4075f71ddac40b9934af60c3ec8a53047dd5a5fdc43224e6e4e8e9a27cb6f7", size = 10006909, upload-time = "2026-08-20T17:43:16.888Z" },
    { url = "https://files.pythonhosted.org/packages/a9/e6/f553199b5e8927a05cb5c422d921fd0656b29ab976e91c44802107c6b0da/ruff-0.16.4-py3-none-macosx_10_12_x86_64.whl", hash = "sha256:0c95538517af68004306b0fb3214ff2f2af67a65092aee77cd9eb86db6656604", size = 10240201, upload-time = "2026-08-20T17:43:19.337Z" },
    { url = "https://files.pythonhosted.org/packages/1c/70/4a6dc4bb34da4dee35e30f09bbd1bfbdd26f33b62fb9b8df31f08a199cd2/ruff-0.16.4-py3-none-macosx_11_0_arm64.whl", hash = "sha256:963f83df8e69e575b64d67dd447ebbc917db41a14bf38d4593a4183e7aaa8255", size = 9835122, upload-time = "2026-08-20T17:43:21.708Z" },
    { url = "https://files.pythonhosted.org/packages/24/12/c6e22d686372c15bcb7af99831f1a1be96df696491babf4f24e4f942c527/ruff-0.16.4-py3-none-manylinux_2_17_aarch64.manylinux2014_aarch64.whl", hash = "sha256:32a5057c7ff3f6e6480a48fccfb3a412a690f48a3d03ac5cf08177d6c2da3ade", size = 9977162, upload-time = "2026-08-20T17:43:24.236Z" },
    { url = "https://files.pythonhosted.org/packages/46/49/72b10ec912f5ab5854992eaf7aa7cd36729b6937d9dc4e0fb41b3bf428ec/ruff-0.16.4-py3-none-manylinux_2_17_armv7l.manylinux2014_armv7l.whl", hash = "sha256:b3dce8d9b0c57c265b91885a66a567d8ea1372e8eb4e250fa8e5e3f579e99cff", size = 9829789, upload-time = "2026-08-20T17:43:26.966Z" },
    { url = "https://files.pythonhosted.org/packages/fa/80/0f30e32e7f6ee26edc39075502db9d368d788a44a79b55f763eb4ab03796/ruff-0.16.4-py3-none-manylinux_2_17_i686.manylinux2014_i686.whl", hash = "sha256:7dc651db49283c69f8e72c834eec4fe5573e4c646856aebece0ce385dceb2a80", size = 10527949, upload-time = "2026-08-20T17:43:29.384Z" },
    { url = "https://files.pythonhosted.org/packages/52/3d/86e8ad3542169e56cac3859a343afdb9df2ad54d35a59ce1e67baee83421/ruff-0.16.4-py3-none-manylinux_2_17_ppc64le.manylinux2014_ppc64le.whl", hash = "sha256:3817b87dbcabc92f13b05019257c5b89b5b4d51b5fb20f56fb5235ceb723cd07", size = 11333695, upload-time = "2026-08-20T17:43:31.872Z" },
    { url = "https://files.pythonhosted.org/packages/d0/16/481c29b380c20a0054a8261066665e1b3488e23636c49d0a43e75975b9bb/ruff-0.16.4-py3-none-manylinux_2_17_s390x.manylinux2014_s390x.whl", hash = "sha256:e9fce1499134b2c8c68e5166f95705a5812062bb93aacc5f9873bb1a27084bc7", size = 10727741, upload-time = "2026-08-20T17:43:34.596Z" },
    { url = "https://files.pythonhosted.org/packages/5e/b6/56bc0b8cf45b54b28b3a5e6381c8945d51b5b18adf659454c32295209a31/ruff-0.16.4-py3-none-manylinux_2_17_x86_64.manylinux2014_x86_64.whl", hash = "sha256:f2d812e482f5a7e02eee26cd73d2a37ebbdf47d795ea63ba1b89110ae93e9fb3", size = 10286522, upload-time = "2026-08-20T17:43:37.288Z" },
    { url = "https://files.pythonhosted.org/packages/e8/8b/b345b4fb110f2fbe2bd31eabd271e5e8b3b7e4ee6c0e02f2dc6be78db000/ruff-0.16.4-py3-none-manylinux_2_31_riscv64.whl", hash = "sha256:6baaf984aa7976edf93d3b627fe2d1d22ee94bbca05fa6f90fc76d73924e3454", size = 10584182, upload-time = "2026-08-20T17:43:39.984Z" },
    { url = "https://files.pythonhosted.org/packages/29/e5/827b34041c35f58774a9681a4213994c164fc987800f4dddabcf451da0bf/ruff-0.16.4-py3-none-musllinux_1_2_aarch64.whl", hash = "sha256:bdfcf0b28662eb890372d50f92c283bb94e67e7635ed93c7fd533970acff7b2b", size = 10134195, upload-time = "2026-08-20T17:43:42.351Z" },
    { url = "https://files.pythonhosted.org/packages/0f/10/d0bffcdd6729b87afc82ba0ef377173356a7dc8e972f5179968cf2fdf98c/ruff-0.16.4-py3-none-musllinux_1_2_armv7l.whl", hash = "sha256:b66b02cb9b04f537643cadf5768e5f98dc461890d530cb67113d71c8c76e605d", size = 9825821, upload-time = "2026-08-20T17:43:44.532Z" },
    { url = "https://files.pythonhosted.org/packages/f5/32/0db2a863b796ca62d83e92a07a3ccf00921b14db02059347576a2fda3d4b/ruff-0.16.4-py3-none-musllinux_1_2_i686.whl", hash = "sha256:8528bf9a4b291a60bf02ea453511e8ce6215bd2b982ee80405b66b008b6c30a0", size = 10267658, upload-time = "2026-08-20T17:43:46.989Z" },
    { url = "https://files.pythonhosted.org/packages/b2/a0/fbdeb59e48c6261f523e56c8f12e9c08fbe693786595cc7e3959207a9232/ruff-0.16.4-py3-none-musllinux_1_2_x86_64.whl", hash = "sha256:fbd85d2875fdd67e833213a651f613bbf25303abf6aa822a5121f4531195678d", size = 10697071, upload-time = "2026-08-20T17:43:49.891Z" },
    { url = "https://files.pythonhosted.org/packages/aa/28/0c6dd865859c6d17bc8ccc34cb72b0e02d6c7eb25e8a1e22b5bea681e2c0/ruff-0.16.4-py3-none-win32.whl", hash = "sha256:312769988007aaeb8e189b443ccdd03c0e6374489e053467be6d96518ebff76e", size = 10021687, upload-time = "2026-08-20T17:43:52.281Z" },
    { url = "https://files.pythonhosted.org/packages/a3/03/e724450f621698117f9aa6dd241c94d0274ae96781378dc86745ae29f0e7/ruff-0.16.4-py3-none-win_amd64.whl", hash = "sha256:05d9d27a18c4bcbefada602480ec9e01e0bc949d432e0ced5df77edac195919c", size = 10567657, upload-time = "2026-08-20T17:43:54.78Z" },
    { url = "https://files.pythonhosted.org/packages/0e/fe/da8b9e1347696bb22120b77280ec5ce25d500ca5cb39d5ad6e5c18de19c1/ruff-0.16.4-py3-none-win_arm64.whl", hash = "sha256:a3a61621c9b6f6a89573e938a080e648f1695baa3f58570a3a707bc51ff65a21", size = 10451579, upload-time = "2026-08-20T17:43:57.135Z" },
]

[[package]]
name = "uv"
version = "0.12.6"
source = { registry = "https://pypi.org/simple" }
sdist = { url = "https://files.pythonhosted.org/packages/9b/26/c2cc420ebadf9a3d3170b6949d21071e2a50761e24b7d352ed2cf9d86de5/uv-0.12.6.tar.gz", hash = "sha256:7c687a6c88b4606b08cd27de29557ee0bf2fff6d2d946e9f1954e8c01745e0b1", size = 7117263, upload-time = "2026-08-25T19:40:02.286Z" }
wheels = [
    { url = "https://files.pythonhosted.org/packages/51/94/5326c129967cee589cae13e5aea1a2be0d34b3590ec52cb3fb8693f9ca75/uv-0.12.6-py3-none-linux_armv6l.whl", hash = "sha256:348c35bfe137c539ff8c785e2c98bfb3ad7a2077699abf0b38b3b729386edce7", size = 23081229, upload-time = "2026-08-25T19:38:55.356Z" },
    { url = "https://files.pythonhosted.org/packages/20/8d/dc29316192b7f449ddb0f0796c3f169aa4870b62dc65015d2e3305eecce4/uv-0.12.6-py3-none-macosx_10_12_x86_64.whl", hash = "sha256:596e24f75b8b81d602228d00c4d7674b53013e94f04e22155f2c5486c3052438", size = 21296317, upload-time = "2026-08-25T19:38:59.08Z" },
    { url = "https://files.pythonhosted.org/packages/ef/5d/4c41b08b4e09729dd50f08b55238d5248a7bfb1a9f7cfba1c162046cfa1c/uv-0.12.6-py3-none-macosx_11_0_arm64.whl", hash = "sha256:55bc16b317b2d6044c402e3b1f2c6a8daa031407e9efa7ecbf5348ac0a1c0df5", size = 18115315, upload-time = "2026-08-25T19:39:02.354Z" },
    { url = "https://files.pythonhosted.org/packages/ae/3c/fe2c8b17df5302ea438ac595b5978210bcde9b23adf4fff755e592574fbf/uv-0.12.6-py3-none-manylinux_2_17_aarch64.manylinux2014_aarch64.musllinux_1_1_aarch64.whl", hash = "sha256:1226946a479a5ae9be4132dafb1a02303be2eb4d39e931d4310088d1c5e4d3a7", size = 22413322, upload-time = "2026-08-25T19:39:05.926Z" },
    { url = "https://files.pythonhosted.org/packages/1c/9d/195a98472a4971fb8045889fa0f04960c89bec22afb42af1f438119e9a4a/uv-0.12.6-py3-none-manylinux_2_17_armv7l.manylinux2014_armv7l.musllinux_1_1_armv7l.whl", hash = "sha256:4782d51befb745b378e155aafa00976377536c2c28bf214cea2068fc351b9081", size = 22503804, upload-time = "2026-08-25T19:39:09.605Z" },
    { url = "https://files.pythonhosted.org/packages/54/0c/3872d536cd809ffa87af6f3a116399857a48f2664ba4b21b38c5416535df/uv-0.12.6-py3-none-manylinux_2_17_armv7l.manylinux2014_armv7l.whl", hash = "sha256:8f4f135204aa5236c94348c073fafbb00a7c00c23c25a5ab517aff8e68127dc3", size = 22565554, upload-time = "2026-08-25T19:39:13.286Z" },
    { url = "https://files.pythonhosted.org/packages/77/bc/0fe96033ef905a2729fe512c73c08e541fc0427724777f01c2b934e5cfdd/uv-0.12.6-py3-none-manylinux_2_17_i686.manylinux2014_i686.whl", hash = "sha256:09ce6415e7bf2e9482f66be2d131312b96c72e2e9c4bba2f4084c67515309fed", size = 23136010, upload-time = "2026-08-25T19:39:16.87Z" },
    { url = "https://files.pythonhosted.org/packages/73/91/21756319256364d350ba38f1b3a16bd64ff726865d2d6bb677633fce3cb6/uv-0.12.6-py3-none-manylinux_2_17_ppc64le.manylinux2014_ppc64le.whl", hash = "sha256:db0888a800bfb661c0054c871d04d0b6ef4b8986e01222854c13346371d2b22d", size = 24466274, upload-time = "2026-08-25T19:39:20.723Z" },
    { url = "https://files.pythonhosted.org/packages/5e/49/38883c7734c13d1bc03081ec59c7e9ddd595460ad2fcfbd1a8220e02aa55/uv-0.12.6-py3-none-manylinux_2_17_s390x.manylinux2014_s390x.whl", hash = "sha256:cb3907b001b0054e8c81621455fb7aca26b4aa1fead35b3165013aadc5eb7ebd", size = 24318234, upload-time = "2026-08-25T19:39:25.019Z" },
    { url = "https://files.pythonhosted.org/packages/f6/6b/dbcffa319e640b3f38fc8764b99031773d4449725ca21854309e436c08f9/uv-0.12.6-py3-none-manylinux_2_17_x86_64.manylinux2014_x86_64.whl", hash = "sha256:8cb1c4af10a1037d2e875ac86da32ea0df20a9623e11769d33515d14158cd3c2", size = 20927695, upload-time = "2026-08-25T19:39:28.77Z" },
    { url = "https://files.pythonhosted.org/packages/e0/cc/4bde66c453d37e40c5861931f75fb66d207328f5ccbb18d44f818c81d920/uv-0.12.6-py3-none-manylinux_2_28_aarch64.whl", hash = "sha256:f8f11ae7d78092384679eac086210d63261af241c56d7c46fa4ded62400e56ee", size = 20273626, upload-time = "2026-08-25T19:39:32.384Z" },
    { url = "https://files.pythonhosted.org/packages/8a/1b/e0c92c3c81b32c7bb70e375b0d218ca6876100cf113765005332454c61f1/uv-0.12.6-py3-none-manylinux_2_31_riscv64.musllinux_1_1_riscv64.whl", hash = "sha256:c874e7077a7a9210531ee361843b7e6a50f8c71a45a3880aab289079042bfbaf", size = 23279870, upload-time = "2026-08-25T19:39:36.485Z" },
    { url = "https://files.pythonhosted.org/packages/65/fc/d24268fa3a39de0d79494fdc8c85000b6ef5b015754fb71b53d5912a2d84/uv-0.12.6-py3-none-manylinux_2_31_riscv64.whl", hash = "sha256:ca17e4d2213c4f756a37077776e93202107eb10a71d05e3f9f91f678edcb0239", size = 23375132, upload-time = "2026-08-25T19:39:40.13Z" },
    { url = "https://files.pythonhosted.org/packages/b0/ed/5903a2c3dd56b1c77f97c2d3f1c114f6247db0718d60afb8d08b2c84efa4/uv-0.12.6-py3-none-musllinux_1_1_i686.whl", hash = "sha256:de0c4119af8b7ec15f4d3630d7fb2d9b37fee752093e67a4365df395ffbbf3d7", size = 22276726, upload-time = "2026-08-25T19:39:43.786Z" },
    { url = "https://files.pythonhosted.org/packages/47/51/d9a3032bd233a1562b3bc90bbb5cca2aa6fa9669f4c1056ebe351b2f09fe/uv-0.12.6-py3-none-musllinux_1_1_x86_64.whl", hash = "sha256:b7f850c30395026aa024b72a8833133ed71a832fa843c6c59496d8f393cce726", size = 23759803, upload-time = "2026-08-25T19:39:47.72Z" },
    { url = "https://files.pythonhosted.org/packages/e7/b9/e91d756ce38a182e58b5731bcef66a428bc492facd0941cb46be14808830/uv-0.12.6-py3-none-win32.whl", hash = "sha256:99f1a686675befc705530e8cca4a7b066383bd4650967d410abf819ab52bc5ab", size = 20699250, upload-time = "2026-08-25T19:39:51.608Z" },
    { url = "https://files.pythonhosted.org/packages/11/69/c23e5b30db494f9b6e62e8d34ee87da2673c071d4f1518f89e93d52d1e2a/uv-0.12.6-py3-none-win_amd64.whl", hash = "sha256:8fa8fe6d7f4d9a897dd30159426e712094727494fbb7ef435bba3f83030b9fd7", size = 18927528, upload-time = "2026-08-25T19:39:55.299Z" },
    { url = "https://files.pythonhosted.org/packages/d4/41/b5b131a9c96e0c9e129edf30b1daffb3d8f8fbc3e9fc087624ffdd4700ad/uv-0.12.6-py3-none-win_arm64.whl", hash = "sha256:8a93a8c142940c106375cc50743faa7c610b6194e2e9e8da925a61aefb0302e6", size = 20332543, upload-time = "2026-08-25T19:39:59.173Z" },
]
